
Microsoft Visual Studio Solution File, Format Version 12.00
# Visual Studio Version 16
VisualStudioVersion = 16.0.29025.244
MinimumVisualStudioVersion = 10.0.40219.1
Project("{FAE04EC0-301F-11D3-BF4B-00C04F79EFBC}") = "WindowsFormsApp1", "WindowsFormsApp1.csproj", "{CFD12D53-0545-475B-8BDD-9761C0A8AD4C}"
EndProject
Global
	GlobalSection(SolutionConfigurationPlatforms) = preSolution
		Debug|Any CPU = Debug|Any CPU
		Release|Any CPU = Release|Any CPU
	EndGlobalSection
	GlobalSection(ProjectConfigurationPlatforms) = postSolution
		{CFD12D53-0545-475B-8BDD-9761C0A8AD4C}.Debug|Any CPU.ActiveCfg = Debug|Any CPU
		{CFD12D53-0545-475B-8BDD-9761C0A8AD4C}.Debug|Any CPU.Build.0 = Debug|Any CPU
		{CFD12D53-0545-475B-8BDD-9761C0A8AD4C}.Release|Any CPU.ActiveCfg = Release|Any CPU
		{CFD12D53-0545-475B-8BDD-9761C0A8AD4C}.Release|Any CPU.Build.0 = Release|Any CPU
	EndGlobalSection
	GlobalSection(SolutionProperties) = preSolution
		HideSolutionNode = FALSE
	EndGlobalSection
	GlobalSection(ExtensibilityGlobals) = postSolution
		SolutionGuid = {A3BCBFA5-1382-44BD-AE29-3E08EE7C4532}
	EndGlobalSection
EndGlobal
